// !$*UTF8*$!
{
	archiveVersion = 1;
	classes = {
	};
	objectVersion = 56;
	objects = {

/* Begin PBXBuildFile section */
		33E9409D29BBB6C60000C796 /* AppDelegate.swift in Sources */ = {isa = PBXBuildFile; fileRef = 33E9409C29BBB6C60000C796 /* AppDelegate.swift */; };
		33E9409F29BBB6C60000C796 /* SceneDelegate.swift in Sources */ = {isa = PBXBuildFile; fileRef = 33E9409E29BBB6C60000C796 /* SceneDelegate.swift */; };
		33E940A129BBB6C60000C796 /* ViewController.swift in Sources */ = {isa = PBXBuildFile; fileRef = 33E940A029BBB6C60000C796 /* ViewController.swift */; };
		33E940A429BBB6C60000C796 /* Main.storyboard in Resources */ = {isa = PBXBuildFile; fileRef = 33E940A229BBB6C60000C796 /* Main.storyboard */; };
		33E940A629BBB6C60000C796 /* Assets.xcassets in Resources */ = {isa = PBXBuildFile; fileRef = 33E940A529BBB6C60000C796 /* Assets.xcassets */; };
		33E940A929BBB6C60000C796 /* LaunchScreen.storyboard in Resources */ = {isa = PBXBuildFile; fileRef = 33E940A729BBB6C60000C796 /* LaunchScreen.storyboard */; };
		33E940B429BBB6C70000C796 /* CalculaterTests.swift in Sources */ = {isa = PBXBuildFile; fileRef = 33E940B329BBB6C70000C796 /* CalculaterTests.swift */; };
		33E940BE29BBB6C70000C796 /* CalculaterUITests.swift in Sources */ = {isa = PBXBuildFile; fileRef = 33E940BD29BBB6C70000C796 /* CalculaterUITests.swift */; };
		33E940C029BBB6C70000C796 /* CalculaterUITestsLaunchTests.swift in Sources */ = {isa = PBXBuildFile; fileRef = 33E940BF29BBB6C70000C796 /* CalculaterUITestsLaunchTests.swift */; };
/* End PBXBuildFile section */

/* Begin PBXContainerItemProxy section */
		33E940B029BBB6C70000C796 /* PBXContainerItemProxy */ = {
			isa = PBXContainerItemProxy;
			containerPortal = 33E9409129BBB6C60000C796 /* Project object */;
			proxyType = 1;
			remoteGlobalIDString = 33E9409829BBB6C60000C796;
			remoteInfo = Calculater;
		};
		33E940BA29BBB6C70000C796 /* PBXContainerItemProxy */ = {
			isa = PBXContainerItemProxy;
			containerPortal = 33E9409129BBB6C60000C796 /* Project object */;
			proxyType = 1;
			remoteGlobalIDString = 33E9409829BBB6C60000C796;
			remoteInfo = Calculater;
		};
/* End PBXContainerItemProxy section */

/* Begin PBXFileReference section */
		33E9409929BBB6C60000C796 /* Calculater.app */ = {isa = PBXFileReference; explicitFileType = wrapper.application; includeInIndex = 0; path = Calculater.app; sourceTree = BUILT_PRODUCTS_DIR; };
		33E9409C29BBB6C60000C796 /* AppDelegate.swift */ = {isa = PBXFileReference; lastKnownFileType = sourcecode.swift; path = AppDelegate.swift; sourceTree = "<group>"; };
		33E9409E29BBB6C60000C796 /* SceneDelegate.swift */ = {isa = PBXFileReference; lastKnownFileType = sourcecode.swift; path = SceneDelegate.swift; sourceTree = "<group>"; };
		33E940A029BBB6C60000C796 /* ViewController.swift */ = {isa = PBXFileReference; lastKnownFileType = sourcecode.swift; path = ViewController.swift; sourceTree = "<group>"; };
		33E940A329BBB6C60000C796 /* Base */ = {isa = PBXFileReference; lastKnownFileType = file.storyboard; name = Base; path = Base.lproj/Main.storyboard; sourceTree = "<group>"; };
		33E940A529BBB6C60000C796 /* Assets.xcassets */ = {isa = PBXFileReference; lastKnownFileType = folder.assetcatalog; path = Assets.xcassets; sourceTree = "<group>"; };
		33E940A829BBB6C60000C796 /* Base */ = {isa = PBXFileReference; lastKnownFileType = file.storyboard; name = Base; path = Base.lproj/LaunchScreen.storyboard; sourceTree = "<group>"; };
		33E940AA29BBB6C60000C796 /* Info.plist */ = {isa = PBXFileReference; lastKnownFileType = text.plist.xml; path = Info.plist; sourceTree = "<group>"; };
		33E940AF29BBB6C70000C796 /* CalculaterTests.xctest */ = {isa = PBXFileReference; explicitFileType = wrapper.cfbundle; includeInIndex = 0; path = CalculaterTests.xctest; sourceTree = BUILT_PRODUCTS_DIR; };
		33E940B329BBB6C70000C796 /* CalculaterTests.swift */ = {isa = PBXFileReference; lastKnownFileType = sourcecode.swift; path = CalculaterTests.swift; sourceTree = "<group>"; };
		33E940B929BBB6C70000C796 /* CalculaterUITests.xctest */ = {isa = PBXFileReference; explicitFileType = wrapper.cfbundle; includeInIndex = 0; path = CalculaterUITests.xctest; sourceTree = BUILT_PRODUCTS_DIR; };
		33E940BD29BBB6C70000C796 /* CalculaterUITests.swift */ = {isa = PBXFileReference; lastKnownFileType = sourcecode.swift; path = CalculaterUITests.swift; sourceTree = "<group>"; };
		33E940BF29BBB6C70000C796 /* CalculaterUITestsLaunchTests.swift */ = {isa = PBXFileReference; lastKnownFileType = sourcecode.swift; path = CalculaterUITestsLaunchTests.swift; sourceTree = "<group>"; };
/* End PBXFileReference section */

/* Begin PBXFrameworksBuildPhase section */
		33E9409629BBB6C60000C796 /* Frameworks */ = {
			isa = PBXFrameworksBuildPhase;
			buildActionMask = 2147483647;
			files = (
			);
			runOnlyForDeploymentPostprocessing = 0;
		};
		33E940AC29BBB6C70000C796 /* Frameworks */ = {
			isa = PBXFrameworksBuildPhase;
			buildActionMask = 2147483647;
			files = (
			);
			runOnlyForDeploymentPostprocessing = 0;
		};
		33E940B629BBB6C70000C796 /* Frameworks */ = {
			isa = PBXFrameworksBuildPhase;
			buildActionMask = 2147483647;
			files = (
			);
			runOnlyForDeploymentPostprocessing = 0;
		};
/* End PBXFrameworksBuildPhase section */

/* Begin PBXGroup section */
		33E9409029BBB6C60000C796 = {
			isa = PBXGroup;
			children = (
				33E9409B29BBB6C60000C796 /* Calculater */,
				33E940B229BBB6C70000C796 /* CalculaterTests */,
				33E940BC29BBB6C70000C796 /* CalculaterUITests */,
				33E9409A29BBB6C60000C796 /* Products */,
			);
			sourceTree = "<group>";
		};
		33E9409A29BBB6C60000C796 /* Products */ = {
			isa = PBXGroup;
			children = (
				33E9409929BBB6C60000C796 /* Calculater.app */,
				33E940AF29BBB6C70000C796 /* CalculaterTests.xctest */,
				33E940B929BBB6C70000C796 /* CalculaterUITests.xctest */,
			);
			name = Products;
			sourceTree = "<group>";
		};
		33E9409B29BBB6C60000C796 /* Calculater */ = {
			isa = PBXGroup;
			children = (
				33E9409C29BBB6C60000C796 /* AppDelegate.swift */,
				33E9409E29BBB6C60000C796 /* SceneDelegate.swift */,
				33E940A029BBB6C60000C796 /* ViewController.swift */,
				33E940A229BBB6C60000C796 /* Main.storyboard */,
				33E940A529BBB6C60000C796 /* Assets.xcassets */,
				33E940A729BBB6C60000C796 /* LaunchScreen.storyboard */,
				33E940AA29BBB6C60000C796 /* Info.plist */,
			);
			path = Calculater;
			sourceTree = "<group>";
		};
		33E940B229BBB6C70000C796 /* CalculaterTests */ = {
			isa = PBXGroup;
			children = (
				33E940B329BBB6C70000C796 /* CalculaterTests.swift */,
			);
			path = CalculaterTests;
			sourceTree = "<group>";
		};
		33E940BC29BBB6C70000C796 /* CalculaterUITests */ = {
			isa = PBXGroup;
			children = (
				33E940BD29BBB6C70000C796 /* CalculaterUITests.swift */,
				33E940BF29BBB6C70000C796 /* CalculaterUITestsLaunchTests.swift */,
			);
			path = CalculaterUITests;
			sourceTree = "<group>";
		};
/* End PBXGroup section */

/* Begin PBXNativeTarget section */
		33E9409829BBB6C60000C796 /* Calculater */ = {
			isa = PBXNativeTarget;
			buildConfigurationList = 33E940C329BBB6C70000C796 /* Build configuration list for PBXNativeTarget "Calculater" */;
			buildPhases = (
				33E9409529BBB6C60000C796 /* Sources */,
				33E9409629BBB6C60000C796 /* Frameworks */,
				33E9409729BBB6C60000C796 /* Resources */,
			);
			buildRules = (
			);
			dependencies = (
			);
			name = Calculater;
			productName = Calculater;
			productReference = 33E9409929BBB6C60000C796 /* Calculater.app */;
			productType = "com.apple.product-type.application";
		};
		33E940AE29BBB6C70000C796 /* CalculaterTests */ = {
			isa = PBXNativeTarget;
			buildConfigurationList = 33E940C629BBB6C70000C796 /* Build configuration list for PBXNativeTarget "CalculaterTests" */;
			buildPhases = (
				33E940AB29BBB6C70000C796 /* Sources */,
				33E940AC29BBB6C70000C796 /* Frameworks */,
				33E940AD29BBB6C70000C796 /* Resources */,
			);
			buildRules = (
			);
			dependencies = (
				33E940B129BBB6C70000C796 /* PBXTargetDependency */,
			);
			name = CalculaterTests;
			productName = CalculaterTests;
			productReference = 33E940AF29BBB6C70000C796 /* CalculaterTests.xctest */;
			productType = "com.apple.product-type.bundle.unit-test";
		};
		33E940B829BBB6C70000C796 /* CalculaterUITests */ = {
			isa = PBXNativeTarget;
			buildConfigurationList = 33E940C929BBB6C70000C796 /* Build configuration list for PBXNativeTarget "CalculaterUITests" */;
			buildPhases = (
				33E940B529BBB6C70000C796 /* Sources */,
				33E940B629BBB6C70000C796 /* Frameworks */,
				33E940B729BBB6C70000C796 /* Resources */,
			);
			buildRules = (
			);
			dependencies = (
				33E940BB29BBB6C70000C796 /* PBXTargetDependency */,
			);
			name = CalculaterUITests;
			productName = CalculaterUITests;
			productReference = 33E940B929BBB6C70000C796 /* CalculaterUITests.xctest */;
			productType = "com.apple.product-type.bundle.ui-testing";
		};
/* End PBXNativeTarget section */

/* Begin PBXProject section */
		33E9409129BBB6C60000C796 /* Project object */ = {
			isa = PBXProject;
			attributes = {
				BuildIndependentTargetsInParallel = 1;
				LastSwiftUpdateCheck = 1420;
				LastUpgradeCheck = 1420;
				TargetAttributes = {
					33E9409829BBB6C60000C796 = {
						CreatedOnToolsVersion = 14.2;
					};
					33E940AE29BBB6C70000C796 = {
						CreatedOnToolsVersion = 14.2;
						TestTargetID = 33E9409829BBB6C60000C796;
					};
					33E940B829BBB6C70000C796 = {
						CreatedOnToolsVersion = 14.2;
						TestTargetID = 33E9409829BBB6C60000C796;
					};
				};
			};
			buildConfigurationList = 33E9409429BBB6C60000C796 /* Build configuration list for PBXProject "Calculater" */;
			compatibilityVersion = "Xcode 14.0";
			developmentRegion = en;
			hasScannedForEncodings = 0;
			knownRegions = (
				en,
				Base,
			);
			mainGroup = 33E9409029BBB6C60000C796;
			productRefGroup = 33E9409A29BBB6C60000C796 /* Products */;
			projectDirPath = "";
			projectRoot = "";
			targets = (
				33E9409829BBB6C60000C796 /* Calculater */,
				33E940AE29BBB6C70000C796 /* CalculaterTests */,
				33E940B829BBB6C70000C796 /* CalculaterUITests */,
			);
		};
/* End PBXProject section */

/* Begin PBXResourcesBuildPhase section */
		33E9409729BBB6C60000C796 /* Resources */ = {
			isa = PBXResourcesBuildPhase;
			buildActionMask = 2147483647;
			files = (
				33E940A929BBB6C60000C796 /* LaunchScreen.storyboard in Resources */,
				33E940A629BBB6C60000C796 /* Assets.xcassets in Resources */,
				33E940A429BBB6C60000C796 /* Main.storyboard in Resources */,
			);
			runOnlyForDeploymentPostprocessing = 0;
		};
		33E940AD29BBB6C70000C796 /* Resources */ = {
			isa = PBXResourcesBuildPhase;
			buildActionMask = 2147483647;
			files = (
			);
			runOnlyForDeploymentPostprocessing = 0;
		};
		33E940B729BBB6C70000C796 /* Resources */ = {
			isa = PBXResourcesBuildPhase;
			buildActionMask = 2147483647;
			files = (
			);
			runOnlyForDeploymentPostprocessing = 0;
		};
/* End PBXResourcesBuildPhase section */

/* Begin PBXSourcesBuildPhase section */
		33E9409529BBB6C60000C796 /* Sources */ = {
			isa = PBXSourcesBuildPhase;
			buildActionMask = 2147483647;
			files = (
				33E940A129BBB6C60000C796 /* ViewController.swift in Sources */,
				33E9409D29BBB6C60000C796 /* AppDelegate.swift in Sources */,
				33E9409F29BBB6C60000C796 /* SceneDelegate.swift in Sources */,
			);
			runOnlyForDeploymentPostprocessing = 0;
		};
		33E940AB29BBB6C70000C796 /* Sources */ = {
			isa = PBXSourcesBuildPhase;
			buildActionMask = 2147483647;
			files = (
				33E940B429BBB6C70000C796 /* CalculaterTests.swift in Sources */,
			);
			runOnlyForDeploymentPostprocessing = 0;
		};
		33E940B529BBB6C70000C796 /* Sources */ = {
			isa = PBXSourcesBuildPhase;
			buildActionMask = 2147483647;
			files = (
				33E940C029BBB6C70000C796 /* CalculaterUITestsLaunchTests.swift in Sources */,
				33E940BE29BBB6C70000C796 /* CalculaterUITests.swift in Sources */,
			);
			runOnlyForDeploymentPostprocessing = 0;
		};
/* End PBXSourcesBuildPhase section */

/* Begin PBXTargetDependency section */
		33E940B129BBB6C70000C796 /* PBXTargetDependency */ = {
			isa = PBXTargetDependency;
			target = 33E9409829BBB6C60000C796 /* Calculater */;
			targetProxy = 33E940B029BBB6C70000C796 /* PBXContainerItemProxy */;
		};
		33E940BB29BBB6C70000C796 /* PBXTargetDependency */ = {
			isa = PBXTargetDependency;
			target = 33E9409829BBB6C60000C796 /* Calculater */;
			targetProxy = 33E940BA29BBB6C70000C796 /* PBXContainerItemProxy */;
		};
/* End PBXTargetDependency section */

/* Begin PBXVariantGroup section */
		33E940A229BBB6C60000C796 /* Main.storyboard */ = {
			isa = PBXVariantGroup;
			children = (
				33E940A329BBB6C60000C796 /* Base */,
			);
			name = Main.storyboard;
			sourceTree = "<group>";
		};
		33E940A729BBB6C60000C796 /* LaunchScreen.storyboard */ = {
			isa = PBXVariantGroup;
			children = (
				33E940A829BBB6C60000C796 /* Base */,
			);
			name = LaunchScreen.storyboard;
			sourceTree = "<group>";
		};
/* End PBXVariantGroup section */

/* Begin XCBuildConfiguration section */
		33E940C129BBB6C70000C796 /* Debug */ = {
			isa = XCBuildConfiguration;
			buildSettings = {
				ALWAYS_SEARCH_USER_PATHS = NO;
				CLANG_ANALYZER_NONNULL = YES;
				CLANG_ANALYZER_NUMBER_OBJECT_CONVERSION = YES_AGGRESSIVE;
				CLANG_CXX_LANGUAGE_STANDARD = "gnu++20";
				CLANG_ENABLE_MODULES = YES;
				CLANG_ENABLE_OBJC_ARC = YES;
				CLANG_ENABLE_OBJC_WEAK = YES;
				CLANG_WARN_BLOCK_CAPTURE_AUTORELEASING = YES;
				CLANG_WARN_BOOL_CONVERSION = YES;
				CLANG_WARN_COMMA = YES;
				CLANG_WARN_CONSTANT_CONVERSION = YES;
				CLANG_WARN_DEPRECATED_OBJC_IMPLEMENTATIONS = YES;
				CLANG_WARN_DIRECT_OBJC_ISA_USAGE = YES_ERROR;
				CLANG_WARN_DOCUMENTATION_COMMENTS = YES;
				CLANG_WARN_EMPTY_BODY = YES;
				CLANG_WARN_ENUM_CONVERSION = YES;
				CLANG_WARN_INFINITE_RECURSION = YES;
				CLANG_WARN_INT_CONVERSION = YES;
				CLANG_WARN_NON_LITERAL_NULL_CONVERSION = YES;
				CLANG_WARN_OBJC_IMPLICIT_RETAIN_SELF = YES;
				CLANG_WARN_OBJC_LITERAL_CONVERSION = YES;
				CLANG_WARN_OBJC_ROOT_CLASS = YES_ERROR;
				CLANG_WARN_QUOTED_INCLUDE_IN_FRAMEWORK_HEADER = YES;
				CLANG_WARN_RANGE_LOOP_ANALYSIS = YES;
				CLANG_WARN_STRICT_PROTOTYPES = YES;
				CLANG_WARN_SUSPICIOUS_MOVE = YES;
				CLANG_WARN_UNGUARDED_AVAILABILITY = YES_AGGRESSIVE;
				CLANG_WARN_UNREACHABLE_CODE = YES;
				CLANG_WARN__DUPLICATE_METHOD_MATCH = YES;
				COPY_PHASE_STRIP = NO;
				DEBUG_INFORMATION_FORMAT = dwarf;
				ENABLE_STRICT_OBJC_MSGSEND = YES;
				ENABLE_TESTABILITY = YES;
				GCC_C_LANGUAGE_STANDARD = gnu11;
				GCC_DYNAMIC_NO_PIC = NO;
				GCC_NO_COMMON_BLOCKS = YES;
				GCC_OPTIMIZATION_LEVEL = 0;
				GCC_PREPROCESSOR_DEFINITIONS = (
					"DEBUG=1",
					"$(inherited)",
				);
				GCC_WARN_64_TO_32_BIT_CONVERSION = YES;
				GCC_WARN_ABOUT_RETURN_TYPE = YES_ERROR;
				GCC_WARN_UNDECLARED_SELECTOR = YES;
				GCC_WARN_UNINITIALIZED_AUTOS = YES_AGGRESSIVE;
				GCC_WARN_UNUSED_FUNCTION = YES;
				GCC_WARN_UNUSED_VARIABLE = YES;
				IPHONEOS_DEPLOYMENT_TARGET = 16.2;
				MTL_ENABLE_DEBUG_INFO = INCLUDE_SOURCE;
				MTL_FAST_MATH = YES;
				ONLY_ACTIVE_ARCH = YES;
				SDKROOT = iphoneos;
				SWIFT_ACTIVE_COMPILATION_CONDITIONS = DEBUG;
				SWIFT_OPTIMIZATION_LEVEL = "-Onone";
			};
			name = Debug;
		};
		33E940C229BBB6C70000C796 /* Release */ = {
			isa = XCBuildConfiguration;
			buildSettings = {
				ALWAYS_SEARCH_USER_PATHS = NO;
				CLANG_ANALYZER_NONNULL = YES;
				CLANG_ANALYZER_NUMBER_OBJECT_CONVERSION = YES_AGGRESSIVE;
				CLANG_CXX_LANGUAGE_STANDARD = "gnu++20";
				CLANG_ENABLE_MODULES = YES;
				CLANG_ENABLE_OBJC_ARC = YES;
				CLANG_ENABLE_OBJC_WEAK = YES;
				CLANG_WARN_BLOCK_CAPTURE_AUTORELEASING = YES;
				CLANG_WARN_BOOL_CONVERSION = YES;
				CLANG_WARN_COMMA = YES;
				CLANG_WARN_CONSTANT_CONVERSION = YES;
				CLANG_WARN_DEPRECATED_OBJC_IMPLEMENTATIONS = YES;
				CLANG_WARN_DIRECT_OBJC_ISA_USAGE = YES_ERROR;
				CLANG_WARN_DOCUMENTATION_COMMENTS = YES;
				CLANG_WARN_EMPTY_BODY = YES;
				CLANG_WARN_ENUM_CONVERSION = YES;
				CLANG_WARN_INFINITE_RECURSION = YES;
				CLANG_WARN_INT_CONVERSION = YES;
				CLANG_WARN_NON_LITERAL_NULL_CONVERSION = YES;
				CLANG_WARN_OBJC_IMPLICIT_RETAIN_SELF = YES;
				CLANG_WARN_OBJC_LITERAL_CONVERSION = YES;
				CLANG_WARN_OBJC_ROOT_CLASS = YES_ERROR;
				CLANG_WARN_QUOTED_INCLUDE_IN_FRAMEWORK_HEADER = YES;
				CLANG_WARN_RANGE_LOOP_ANALYSIS = YES;
				CLANG_WARN_STRICT_PROTOTYPES = YES;
				CLANG_WARN_SUSPICIOUS_MOVE = YES;
				CLANG_WARN_UNGUARDED_AVAILABILITY = YES_AGGRESSIVE;
				CLANG_WARN_UNREACHABLE_CODE = YES;
				CLANG_WARN__DUPLICATE_METHOD_MATCH = YES;
				COPY_PHASE_STRIP = NO;
				DEBUG_INFORMATION_FORMAT = "dwarf-with-dsym";
				ENABLE_NS_ASSERTIONS = NO;
				ENABLE_STRICT_OBJC_MSGSEND = YES;
				GCC_C_LANGUAGE_STANDARD = gnu11;
				GCC_NO_COMMON_BLOCKS = YES;
				GCC_WARN_64_TO_32_BIT_CONVERSION = YES;
				GCC_WARN_ABOUT_RETURN_TYPE = YES_ERROR;
				GCC_WARN_UNDECLARED_SELECTOR = YES;
				GCC_WARN_UNINITIALIZED_AUTOS = YES_AGGRESSIVE;
				GCC_WARN_UNUSED_FUNCTION = YES;
				GCC_WARN_UNUSED_VARIABLE = YES;
				IPHONEOS_DEPLOYMENT_TARGET = 16.2;
				MTL_ENABLE_DEBUG_INFO = NO;
				MTL_FAST_MATH = YES;
				SDKROOT = iphoneos;
				SWIFT_COMPILATION_MODE = wholemodule;
				SWIFT_OPTIMIZATION_LEVEL = "-O";
				VALIDATE_PRODUCT = YES;
			};
			name = Release;
		};
		33E940C429BBB6C70000C796 /* Debug */ = {
			isa = XCBuildConfiguration;
			buildSettings = {
				ASSETCATALOG_COMPILER_APPICON_NAME = AppIcon;
				ASSETCATALOG_COMPILER_GLOBAL_ACCENT_COLOR_NAME = AccentColor;
				CODE_SIGN_STYLE = Automatic;
				CURRENT_PROJECT_VERSION = 1;
				DEVELOPMENT_TEAM = VL5Q3Q4476;
				GENERATE_INFOPLIST_FILE = YES;
				INFOPLIST_FILE = Calculater/Info.plist;
				INFOPLIST_KEY_UIApplicationSupportsIndirectInputEvents = YES;
				INFOPLIST_KEY_UILaunchStoryboardName = LaunchScreen;
				INFOPLIST_KEY_UIMainStoryboardFile = Main;
				INFOPLIST_KEY_UISupportedInterfaceOrientations_iPad = "UIInterfaceOrientationPortrait UIInterfaceOrientationPortraitUpsideDown UIInterfaceOrientationLandscapeLeft UIInterfaceOrientationLandscapeRight";
				INFOPLIST_KEY_UISupportedInterfaceOrientations_iPhone = "UIInterfaceOrientationPortrait UIInterfaceOrientationLandscapeLeft UIInterfaceOrientationLandscapeRight";
				LD_RUNPATH_SEARCH_PATHS = (
					"$(inherited)",
					"@executable_path/Frameworks",
				);
				MARKETING_VERSION = 1.0;
				PRODUCT_BUNDLE_IDENTIFIER = calculator.Calculater;
				PRODUCT_NAME = "$(TARGET_NAME)";
				SWIFT_EMIT_LOC_STRINGS = YES;
				SWIFT_VERSION = 5.0;
				TARGETED_DEVICE_FAMILY = "1,2";
			};
			name = Debug;
		};
		33E940C529BBB6C70000C796 /* Release */ = {
			isa = XCBuildConfiguration;
			buildSettings = {
				ASSETCATALOG_COMPILER_APPICON_NAME = AppIcon;
				ASSETCATALOG_COMPILER_GLOBAL_ACCENT_COLOR_NAME = AccentColor;
				CODE_SIGN_STYLE = Automatic;
				CURRENT_PROJECT_VERSION = 1;
				DEVELOPMENT_TEAM = VL5Q3Q4476;
				GENERATE_INFOPLIST_FILE = YES;
				INFOPLIST_FILE = Calculater/Info.plist;
				INFOPLIST_KEY_UIApplicationSupportsIndirectInputEvents = YES;
				INFOPLIST_KEY_UILaunchStoryboardName = LaunchScreen;
				INFOPLIST_KEY_UIMainStoryboardFile = Main;
				INFOPLIST_KEY_UISupportedInterfaceOrientations_iPad = "UIInterfaceOrientationPortrait UIInterfaceOrientationPortraitUpsideDown UIInterfaceOrientationLandscapeLeft UIInterfaceOrientationLandscapeRight";
				INFOPLIST_KEY_UISupportedInterfaceOrientations_iPhone = "UIInterfaceOrientationPortrait UIInterfaceOrientationLandscapeLeft UIInterfaceOrientationLandscapeRight";
				LD_RUNPATH_SEARCH_PATHS = (
					"$(inherited)",
					"@executable_path/Frameworks",
				);
				MARKETING_VERSION = 1.0;
				PRODUCT_BUNDLE_IDENTIFIER = calculator.Calculater;
				PRODUCT_NAME = "$(TARGET_NAME)";
				SWIFT_EMIT_LOC_STRINGS = YES;
				SWIFT_VERSION = 5.0;
				TARGETED_DEVICE_FAMILY = "1,2";
			};
			name = Release;
		};
		33E940C729BBB6C70000C796 /* Debug */ = {
			isa = XCBuildConfiguration;
			buildSettings = {
				ALWAYS_EMBED_SWIFT_STANDARD_LIBRARIES = YES;
				BUNDLE_LOADER = "$(TEST_HOST)";
				CODE_SIGN_STYLE = Automatic;
				CURRENT_PROJECT_VERSION = 1;
				DEVELOPMENT_TEAM = VL5Q3Q4476;
				GENERATE_INFOPLIST_FILE = YES;
				IPHONEOS_DEPLOYMENT_TARGET = 16.2;
				MARKETING_VERSION = 1.0;
				PRODUCT_BUNDLE_IDENTIFIER = calculator.CalculaterTests;
				PRODUCT_NAME = "$(TARGET_NAME)";
				SWIFT_EMIT_LOC_STRINGS = NO;
				SWIFT_VERSION = 5.0;
				TARGETED_DEVICE_FAMILY = "1,2";
				TEST_HOST = "$(BUILT_PRODUCTS_DIR)/Calculater.app/$(BUNDLE_EXECUTABLE_FOLDER_PATH)/Calculater";
			};
			name = Debug;
		};
		33E940C829BBB6C70000C796 /* Release */ = {
			isa = XCBuildConfiguration;
			buildSettings = {
				ALWAYS_EMBED_SWIFT_STANDARD_LIBRARIES = YES;
				BUNDLE_LOADER = "$(TEST_HOST)";
				CODE_SIGN_STYLE = Automatic;
				CURRENT_PROJECT_VERSION = 1;
				DEVELOPMENT_TEAM = VL5Q3Q4476;
				GENERATE_INFOPLIST_FILE = YES;
				IPHONEOS_DEPLOYMENT_TARGET = 16.2;
				MARKETING_VERSION = 1.0;
				PRODUCT_BUNDLE_IDENTIFIER = calculator.CalculaterTests;
				PRODUCT_NAME = "$(TARGET_NAME)";
				SWIFT_EMIT_LOC_STRINGS = NO;
				SWIFT_VERSION = 5.0;
				TARGETED_DEVICE_FAMILY = "1,2";
				TEST_HOST = "$(BUILT_PRODUCTS_DIR)/Calculater.app/$(BUNDLE_EXECUTABLE_FOLDER_PATH)/Calculater";
			};
			name = Release;
		};
		33E940CA29BBB6C70000C796 /* Debug */ = {
			isa = XCBuildConfiguration;
			buildSettings = {
				ALWAYS_EMBED_SWIFT_STANDARD_LIBRARIES = YES;
				CODE_SIGN_STYLE = Automatic;
				CURRENT_PROJECT_VERSION = 1;
				DEVELOPMENT_TEAM = VL5Q3Q4476;
				GENERATE_INFOPLIST_FILE = YES;
				MARKETING_VERSION = 1.0;
				PRODUCT_BUNDLE_IDENTIFIER = calculator.CalculaterUITests;
				PRODUCT_NAME = "$(TARGET_NAME)";
				SWIFT_EMIT_LOC_STRINGS = NO;
				SWIFT_VERSION = 5.0;
				TARGETED_DEVICE_FAMILY = "1,2";
				TEST_TARGET_NAME = Calculater;
			};
			name = Debug;
		};
		33E940CB29BBB6C70000C796 /* Release */ = {
			isa = XCBuildConfiguration;
			buildSettings = {
				ALWAYS_EMBED_SWIFT_STANDARD_LIBRARIES = YES;
				CODE_SIGN_STYLE = Automatic;
				CURRENT_PROJECT_VERSION = 1;
				DEVELOPMENT_TEAM = VL5Q3Q4476;
				GENERATE_INFOPLIST_FILE = YES;
				MARKETING_VERSION = 1.0;
				PRODUCT_BUNDLE_IDENTIFIER = calculator.CalculaterUITests;
				PRODUCT_NAME = "$(TARGET_NAME)";
				SWIFT_EMIT_LOC_STRINGS = NO;
				SWIFT_VERSION = 5.0;
				TARGETED_DEVICE_FAMILY = "1,2";
				TEST_TARGET_NAME = Calculater;
			};
			name = Release;
		};
/* End XCBuildConfiguration section */

/* Begin XCConfigurationList section */
		33E9409429BBB6C60000C796 /* Build configuration list for PBXProject "Calculater" */ = {
			isa = XCConfigurationList;
			buildConfigurations = (
				33E940C129BBB6C70000C796 /* Debug */,
				33E940C229BBB6C70000C796 /* Release */,
			);
			defaultConfigurationIsVisible = 0;
			defaultConfigurationName = Release;
		};
		33E940C329BBB6C70000C796 /* Build configuration list for PBXNativeTarget "Calculater" */ = {
			isa = XCConfigurationList;
			buildConfigurations = (
				33E940C429BBB6C70000C796 /* Debug */,
				33E940C529BBB6C70000C796 /* Release */,
			);
			defaultConfigurationIsVisible = 0;
			defaultConfigurationName = Release;
		};
		33E940C629BBB6C70000C796 /* Build configuration list for PBXNativeTarget "CalculaterTests" */ = {
			isa = XCConfigurationList;
			buildConfigurations = (
				33E940C729BBB6C70000C796 /* Debug */,
				33E940C829BBB6C70000C796 /* Release */,
			);
			defaultConfigurationIsVisible = 0;
			defaultConfigurationName = Release;
		};
		33E940C929BBB6C70000C796 /* Build configuration list for PBXNativeTarget "CalculaterUITests" */ = {
			isa = XCConfigurationList;
			buildConfigurations = (
				33E940CA29BBB6C70000C796 /* Debug */,
				33E940CB29BBB6C70000C796 /* Release */,
			);
			defaultConfigurationIsVisible = 0;
			defaultConfigurationName = Release;
		};
/* End XCConfigurationList section */
	};
	rootObject = 33E9409129BBB6C60000C796 /* Project object */;
}
